{
  "name": "2022",
  "lockfileVersion": 2,
  "requires": true,
  "packages": {
    "": {
      "dependencies": {
        "fs": "^0.0.1-security"
      },
      "devDependencies": {
        "@types/node": "^20.7.1"
      }
    },
    "node_modules/@types/node": {
      "version": "20.7.1",
      "resolved": "https://registry.npmjs.org/@types/node/-/node-20.7.1.tgz",
      "integrity": "sha512-LT+OIXpp2kj4E2S/p91BMe+VgGX2+lfO+XTpfXhh+bCk2LkQtHZSub8ewFBMGP5ClysPjTDFa4sMI8Q3n4T0wg==",
      "dev": true
    },
    "node_modules/fs": {
      "version": "0.0.1-security",
      "resolved": "https://registry.npmjs.org/fs/-/fs-0.0.1-security.tgz",
      "integrity": "sha512-3XY9e1pP0CVEUCdj5BmfIZxRBTSDycnbqhIOGec9QYtmVH2fbLpj86CFWkrNOkt/Fvty4KZG5lTglL9j/gJ87w=="
    }
  },
  "dependencies": {
    "@types/node": {
      "version": "20.7.1",
      "resolved": "https://registry.npmjs.org/@types/node/-/node-20.7.1.tgz",
      "integrity": "sha512-LT+OIXpp2kj4E2S/p91BMe+VgGX2+lfO+XTpfXhh+bCk2LkQtHZSub8ewFBMGP5ClysPjTDFa4sMI8Q3n4T0wg==",
      "dev": true
    },
    "fs": {
      "version": "0.0.1-security",
      "resolved": "https://registry.npmjs.org/fs/-/fs-0.0.1-security.tgz",
      "integrity": "sha512-3XY9e1pP0CVEUCdj5BmfIZxRBTSDycnbqhIOGec9QYtmVH2fbLpj86CFWkrNOkt/Fvty4KZG5lTglL9j/gJ87w=="
    }
  }
}
